
Microsoft Visual Studio Solution File, Format Version 12.00
# Visual Studio 15
VisualStudioVersion = 15.0.28307.489
MinimumVisualStudioVersion = 10.0.40219.1
Project("{9A19103F-16F7-4668-BE54-9A1E7A4F7556}") = "Hiroshima.Maas.API", "Hiroshima.Maas.API\Hiroshima.Maas.API.csproj", "{F0C407D5-401D-411D-BEE4-3CC75DF0A19D}"
EndProject
Project("{9A19103F-16F7-4668-BE54-9A1E7A4F7556}") = "Hiroshima.Maas.DAL", "Hiroshima.Maas.DAL\Hiroshima.Maas.DAL.csproj", "{C9A06D91-4B26-44FF-8EEA-03C742FE5944}"
EndProject
Project("{9A19103F-16F7-4668-BE54-9A1E7A4F7556}") = "Hiroshima.Maas.DL", "Hiroshima.Maas.DL\Hiroshima.Maas.DL.csproj", "{FCDF00E2-E4CE-4920-A357-BF8B203489F7}"
EndProject
Project("{FAE04EC0-301F-11D3-BF4B-00C04F79EFBC}") = "Hiroshima.Maas.Services", "Hiroshima.Maas.Services\Hiroshima.Maas.Services.csproj", "{2A899339-9E02-48D0-8C8D-F4A8044D2B87}"
EndProject
Project("{FAE04EC0-301F-11D3-BF4B-00C04F79EFBC}") = "Hiroshima.Maas.Common", "Hiroshima.Maas.Common\Hiroshima.Maas.Common.csproj", "{5EB7A3DF-F5C1-44FC-BF94-82AD6DBC6F4F}"
EndProject
Global
	GlobalSection(SolutionConfigurationPlatforms) = preSolution
		Debug|Any CPU = Debug|Any CPU
		Release|Any CPU = Release|Any CPU
	EndGlobalSection
	GlobalSection(ProjectConfigurationPlatforms) = postSolution
		{F0C407D5-401D-411D-BEE4-3CC75DF0A19D}.Debug|Any CPU.ActiveCfg = Debug|Any CPU
		{F0C407D5-401D-411D-BEE4-3CC75DF0A19D}.Debug|Any CPU.Build.0 = Debug|Any CPU
		{F0C407D5-401D-411D-BEE4-3CC75DF0A19D}.Release|Any CPU.ActiveCfg = Release|Any CPU
		{F0C407D5-401D-411D-BEE4-3CC75DF0A19D}.Release|Any CPU.Build.0 = Release|Any CPU
		{C9A06D91-4B26-44FF-8EEA-03C742FE5944}.Debug|Any CPU.ActiveCfg = Debug|Any CPU
		{C9A06D91-4B26-44FF-8EEA-03C742FE5944}.Debug|Any CPU.Build.0 = Debug|Any CPU
		{C9A06D91-4B26-44FF-8EEA-03C742FE5944}.Release|Any CPU.ActiveCfg = Release|Any CPU
		{C9A06D91-4B26-44FF-8EEA-03C742FE5944}.Release|Any CPU.Build.0 = Release|Any CPU
		{FCDF00E2-E4CE-4920-A357-BF8B203489F7}.Debug|Any CPU.ActiveCfg = Debug|Any CPU
		{FCDF00E2-E4CE-4920-A357-BF8B203489F7}.Debug|Any CPU.Build.0 = Debug|Any CPU
		{FCDF00E2-E4CE-4920-A357-BF8B203489F7}.Release|Any CPU.ActiveCfg = Release|Any CPU
		{FCDF00E2-E4CE-4920-A357-BF8B203489F7}.Release|Any CPU.Build.0 = Release|Any CPU
		{2A899339-9E02-48D0-8C8D-F4A8044D2B87}.Debug|Any CPU.ActiveCfg = Debug|Any CPU
		{2A899339-9E02-48D0-8C8D-F4A8044D2B87}.Debug|Any CPU.Build.0 = Debug|Any CPU
		{2A899339-9E02-48D0-8C8D-F4A8044D2B87}.Release|Any CPU.ActiveCfg = Release|Any CPU
		{2A899339-9E02-48D0-8C8D-F4A8044D2B87}.Release|Any CPU.Build.0 = Release|Any CPU
		{5EB7A3DF-F5C1-44FC-BF94-82AD6DBC6F4F}.Debug|Any CPU.ActiveCfg = Debug|Any CPU
		{5EB7A3DF-F5C1-44FC-BF94-82AD6DBC6F4F}.Debug|Any CPU.Build.0 = Debug|Any CPU
		{5EB7A3DF-F5C1-44FC-BF94-82AD6DBC6F4F}.Release|Any CPU.ActiveCfg = Release|Any CPU
		{5EB7A3DF-F5C1-44FC-BF94-82AD6DBC6F4F}.Release|Any CPU.Build.0 = Release|Any CPU
	EndGlobalSection
	GlobalSection(SolutionProperties) = preSolution
		HideSolutionNode = FALSE
	EndGlobalSection
	GlobalSection(ExtensibilityGlobals) = postSolution
		SolutionGuid = {7377E470-5657-4740-BC7D-635ADCEDFBB2}
	EndGlobalSection
EndGlobal
